
Microsoft Visual Studio Solution File, Format Version 12.00
# Visual Studio Version 16
VisualStudioVersion = 16.0.30907.101
MinimumVisualStudioVersion = 10.0.40219.1
Project("{FAE04EC0-301F-11D3-BF4B-00C04F79EFBC}") = "Forecast", "Forecast\Forecast.csproj", "{296CB332-8A2E-4804-A66A-BDD8BE67D79E}"
EndProject
Global
	GlobalSection(SolutionConfigurationPlatforms) = preSolution
		Debug|Any CPU = Debug|Any CPU
		Release|Any CPU = Release|Any CPU
	EndGlobalSection
	GlobalSection(ProjectConfigurationPlatforms) = postSolution
		{296CB332-8A2E-4804-A66A-BDD8BE67D79E}.Debug|Any CPU.ActiveCfg = Debug|Any CPU
		{296CB332-8A2E-4804-A66A-BDD8BE67D79E}.Debug|Any CPU.Build.0 = Debug|Any CPU
		{296CB332-8A2E-4804-A66A-BDD8BE67D79E}.Release|Any CPU.ActiveCfg = Release|Any CPU
		{296CB332-8A2E-4804-A66A-BDD8BE67D79E}.Release|Any CPU.Build.0 = Release|Any CPU
	EndGlobalSection
	GlobalSection(SolutionProperties) = preSolution
		HideSolutionNode = FALSE
	EndGlobalSection
	GlobalSection(ExtensibilityGlobals) = postSolution
		SolutionGuid = {4777E5CC-E89D-4318-A52F-749CC8B0E170}
	EndGlobalSection
EndGlobal
